// !$*UTF8*$!
{
	archiveVersion = 1;
	classes = {
	};
	objectVersion = 50;
	objects = {

/* Begin PBXBuildFile section */
		DCED0F082414892200DC84DF /* AppDelegate.swift in Sources */ = {isa = PBXBuildFile; fileRef = DCED0F072414892200DC84DF /* AppDelegate.swift */; };
		DCED0F0A2414892200DC84DF /* SceneDelegate.swift in Sources */ = {isa = PBXBuildFile; fileRef = DCED0F092414892200DC84DF /* SceneDelegate.swift */; };
		DCED0F0C2414892200DC84DF /* ContentView.swift in Sources */ = {isa = PBXBuildFile; fileRef = DCED0F0B2414892200DC84DF /* ContentView.swift */; };
		DCED0F0E2414892D00DC84DF /* Assets.xcassets in Resources */ = {isa = PBXBuildFile; fileRef = DCED0F0D2414892D00DC84DF /* Assets.xcassets */; };
		DCED0F112414892D00DC84DF /* Preview Assets.xcassets in Resources */ = {isa = PBXBuildFile; fileRef = DCED0F102414892D00DC84DF /* Preview Assets.xcassets */; };
		DCED0F142414892D00DC84DF /* LaunchScreen.storyboard in Resources */ = {isa = PBXBuildFile; fileRef = DCED0F122414892D00DC84DF /* LaunchScreen.storyboard */; };
		DCED0F1F2414892D00DC84DF /* LibraryTests.swift in Sources */ = {isa = PBXBuildFile; fileRef = DCED0F1E2414892D00DC84DF /* LibraryTests.swift */; };
		DCED0F2A2414892D00DC84DF /* LibraryUITests.swift in Sources */ = {isa = PBXBuildFile; fileRef = DCED0F292414892D00DC84DF /* LibraryUITests.swift */; };
		DCED0F3C241495DD00DC84DF /* ImagePicker.swift in Sources */ = {isa = PBXBuildFile; fileRef = DCED0F3B241495DD00DC84DF /* ImagePicker.swift */; };
/* End PBXBuildFile section */

/* Begin PBXContainerItemProxy section */
		DCED0F1B2414892D00DC84DF /* PBXContainerItemProxy */ = {
			isa = PBXContainerItemProxy;
			containerPortal = DCED0EFC2414892200DC84DF /* Project object */;
			proxyType = 1;
			remoteGlobalIDString = DCED0F032414892200DC84DF;
			remoteInfo = Library;
		};
		DCED0F262414892D00DC84DF /* PBXContainerItemProxy */ = {
			isa = PBXContainerItemProxy;
			containerPortal = DCED0EFC2414892200DC84DF /* Project object */;
			proxyType = 1;
			remoteGlobalIDString = DCED0F032414892200DC84DF;
			remoteInfo = Library;
		};
/* End PBXContainerItemProxy section */

/* Begin PBXFileReference section */
		DCED0F042414892200DC84DF /* Library.app */ = {isa = PBXFileReference; explicitFileType = wrapper.application; includeInIndex = 0; path = Library.app; sourceTree = BUILT_PRODUCTS_DIR; };
		DCED0F072414892200DC84DF /* AppDelegate.swift */ = {isa = PBXFileReference; lastKnownFileType = sourcecode.swift; path = AppDelegate.swift; sourceTree = "<group>"; };
		DCED0F092414892200DC84DF /* SceneDelegate.swift */ = {isa = PBXFileReference; lastKnownFileType = sourcecode.swift; path = SceneDelegate.swift; sourceTree = "<group>"; };
		DCED0F0B2414892200DC84DF /* ContentView.swift */ = {isa = PBXFileReference; lastKnownFileType = sourcecode.swift; path = ContentView.swift; sourceTree = "<group>"; };
		DCED0F0D2414892D00DC84DF /* Assets.xcassets */ = {isa = PBXFileReference; lastKnownFileType = folder.assetcatalog; path = Assets.xcassets; sourceTree = "<group>"; };
		DCED0F102414892D00DC84DF /* Preview Assets.xcassets */ = {isa = PBXFileReference; lastKnownFileType = folder.assetcatalog; path = "Preview Assets.xcassets"; sourceTree = "<group>"; };
		DCED0F132414892D00DC84DF /* Base */ = {isa = PBXFileReference; lastKnownFileType = file.storyboard; name = Base; path = Base.lproj/LaunchScreen.storyboard; sourceTree = "<group>"; };
		DCED0F152414892D00DC84DF /* Info.plist */ = {isa = PBXFileReference; lastKnownFileType = text.plist.xml; path = Info.plist; sourceTree = "<group>"; };
		DCED0F1A2414892D00DC84DF /* LibraryTests.xctest */ = {isa = PBXFileReference; explicitFileType = wrapper.cfbundle; includeInIndex = 0; path = LibraryTests.xctest; sourceTree = BUILT_PRODUCTS_DIR; };
		DCED0F1E2414892D00DC84DF /* LibraryTests.swift */ = {isa = PBXFileReference; lastKnownFileType = sourcecode.swift; path = LibraryTests.swift; sourceTree = "<group>"; };
		DCED0F202414892D00DC84DF /* Info.plist */ = {isa = PBXFileReference; lastKnownFileType = text.plist.xml; path = Info.plist; sourceTree = "<group>"; };
		DCED0F252414892D00DC84DF /* LibraryUITests.xctest */ = {isa = PBXFileReference; explicitFileType = wrapper.cfbundle; includeInIndex = 0; path = LibraryUITests.xctest; sourceTree = BUILT_PRODUCTS_DIR; };
		DCED0F292414892D00DC84DF /* LibraryUITests.swift */ = {isa = PBXFileReference; lastKnownFileType = sourcecode.swift; path = LibraryUITests.swift; sourceTree = "<group>"; };
		DCED0F2B2414892D00DC84DF /* Info.plist */ = {isa = PBXFileReference; lastKnownFileType = text.plist.xml; path = Info.plist; sourceTree = "<group>"; };
		DCED0F3B241495DD00DC84DF /* ImagePicker.swift */ = {isa = PBXFileReference; lastKnownFileType = sourcecode.swift; path = ImagePicker.swift; sourceTree = "<group>"; };
/* End PBXFileReference section */

/* Begin PBXFrameworksBuildPhase section */
		DCED0F012414892200DC84DF /* Frameworks */ = {
			isa = PBXFrameworksBuildPhase;
			buildActionMask = 2147483647;
			files = (
			);
			runOnlyForDeploymentPostprocessing = 0;
		};
		DCED0F172414892D00DC84DF /* Frameworks */ = {
			isa = PBXFrameworksBuildPhase;
			buildActionMask = 2147483647;
			files = (
			);
			runOnlyForDeploymentPostprocessing = 0;
		};
		DCED0F222414892D00DC84DF /* Frameworks */ = {
			isa = PBXFrameworksBuildPhase;
			buildActionMask = 2147483647;
			files = (
			);
			runOnlyForDeploymentPostprocessing = 0;
		};
/* End PBXFrameworksBuildPhase section */

/* Begin PBXGroup section */
		DCED0EFB2414892200DC84DF = {
			isa = PBXGroup;
			children = (
				DCED0F062414892200DC84DF /* Library */,
				DCED0F1D2414892D00DC84DF /* LibraryTests */,
				DCED0F282414892D00DC84DF /* LibraryUITests */,
				DCED0F052414892200DC84DF /* Products */,
			);
			sourceTree = "<group>";
		};
		DCED0F052414892200DC84DF /* Products */ = {
			isa = PBXGroup;
			children = (
				DCED0F042414892200DC84DF /* Library.app */,
				DCED0F1A2414892D00DC84DF /* LibraryTests.xctest */,
				DCED0F252414892D00DC84DF /* LibraryUITests.xctest */,
			);
			name = Products;
			sourceTree = "<group>";
		};
		DCED0F062414892200DC84DF /* Library */ = {
			isa = PBXGroup;
			children = (
				DCED0F072414892200DC84DF /* AppDelegate.swift */,
				DCED0F092414892200DC84DF /* SceneDelegate.swift */,
				DCED0F0B2414892200DC84DF /* ContentView.swift */,
				DCED0F3B241495DD00DC84DF /* ImagePicker.swift */,
				DCED0F0D2414892D00DC84DF /* Assets.xcassets */,
				DCED0F122414892D00DC84DF /* LaunchScreen.storyboard */,
				DCED0F152414892D00DC84DF /* Info.plist */,
				DCED0F0F2414892D00DC84DF /* Preview Content */,
			);
			path = Library;
			sourceTree = "<group>";
		};
		DCED0F0F2414892D00DC84DF /* Preview Content */ = {
			isa = PBXGroup;
			children = (
				DCED0F102414892D00DC84DF /* Preview Assets.xcassets */,
			);
			path = "Preview Content";
			sourceTree = "<group>";
		};
		DCED0F1D2414892D00DC84DF /* LibraryTests */ = {
			isa = PBXGroup;
			children = (
				DCED0F1E2414892D00DC84DF /* LibraryTests.swift */,
				DCED0F202414892D00DC84DF /* Info.plist */,
			);
			path = LibraryTests;
			sourceTree = "<group>";
		};
		DCED0F282414892D00DC84DF /* LibraryUITests */ = {
			isa = PBXGroup;
			children = (
				DCED0F292414892D00DC84DF /* LibraryUITests.swift */,
				DCED0F2B2414892D00DC84DF /* Info.plist */,
			);
			path = LibraryUITests;
			sourceTree = "<group>";
		};
/* End PBXGroup section */

/* Begin PBXNativeTarget section */
		DCED0F032414892200DC84DF /* Library */ = {
			isa = PBXNativeTarget;
			buildConfigurationList = DCED0F2E2414892D00DC84DF /* Build configuration list for PBXNativeTarget "Library" */;
			buildPhases = (
				DCED0F002414892200DC84DF /* Sources */,
				DCED0F012414892200DC84DF /* Frameworks */,
				DCED0F022414892200DC84DF /* Resources */,
			);
			buildRules = (
			);
			dependencies = (
			);
			name = Library;
			productName = Library;
			productReference = DCED0F042414892200DC84DF /* Library.app */;
			productType = "com.apple.product-type.application";
		};
		DCED0F192414892D00DC84DF /* LibraryTests */ = {
			isa = PBXNativeTarget;
			buildConfigurationList = DCED0F312414892D00DC84DF /* Build configuration list for PBXNativeTarget "LibraryTests" */;
			buildPhases = (
				DCED0F162414892D00DC84DF /* Sources */,
				DCED0F172414892D00DC84DF /* Frameworks */,
				DCED0F182414892D00DC84DF /* Resources */,
			);
			buildRules = (
			);
			dependencies = (
				DCED0F1C2414892D00DC84DF /* PBXTargetDependency */,
			);
			name = LibraryTests;
			productName = LibraryTests;
			productReference = DCED0F1A2414892D00DC84DF /* LibraryTests.xctest */;
			productType = "com.apple.product-type.bundle.unit-test";
		};
		DCED0F242414892D00DC84DF /* LibraryUITests */ = {
			isa = PBXNativeTarget;
			buildConfigurationList = DCED0F342414892D00DC84DF /* Build configuration list for PBXNativeTarget "LibraryUITests" */;
			buildPhases = (
				DCED0F212414892D00DC84DF /* Sources */,
				DCED0F222414892D00DC84DF /* Frameworks */,
				DCED0F232414892D00DC84DF /* Resources */,
			);
			buildRules = (
			);
			dependencies = (
				DCED0F272414892D00DC84DF /* PBXTargetDependency */,
			);
			name = LibraryUITests;
			productName = LibraryUITests;
			productReference = DCED0F252414892D00DC84DF /* LibraryUITests.xctest */;
			productType = "com.apple.product-type.bundle.ui-testing";
		};
/* End PBXNativeTarget section */

/* Begin PBXProject section */
		DCED0EFC2414892200DC84DF /* Project object */ = {
			isa = PBXProject;
			attributes = {
				LastSwiftUpdateCheck = 1130;
				LastUpgradeCheck = 1130;
				ORGANIZATIONNAME = "加藤直行";
				TargetAttributes = {
					DCED0F032414892200DC84DF = {
						CreatedOnToolsVersion = 11.3.1;
					};
					DCED0F192414892D00DC84DF = {
						CreatedOnToolsVersion = 11.3.1;
						TestTargetID = DCED0F032414892200DC84DF;
					};
					DCED0F242414892D00DC84DF = {
						CreatedOnToolsVersion = 11.3.1;
						TestTargetID = DCED0F032414892200DC84DF;
					};
				};
			};
			buildConfigurationList = DCED0EFF2414892200DC84DF /* Build configuration list for PBXProject "Library" */;
			compatibilityVersion = "Xcode 9.3";
			developmentRegion = en;
			hasScannedForEncodings = 0;
			knownRegions = (
				en,
				Base,
			);
			mainGroup = DCED0EFB2414892200DC84DF;
			productRefGroup = DCED0F052414892200DC84DF /* Products */;
			projectDirPath = "";
			projectRoot = "";
			targets = (
				DCED0F032414892200DC84DF /* Library */,
				DCED0F192414892D00DC84DF /* LibraryTests */,
				DCED0F242414892D00DC84DF /* LibraryUITests */,
			);
		};
/* End PBXProject section */

/* Begin PBXResourcesBuildPhase section */
		DCED0F022414892200DC84DF /* Resources */ = {
			isa = PBXResourcesBuildPhase;
			buildActionMask = 2147483647;
			files = (
				DCED0F142414892D00DC84DF /* LaunchScreen.storyboard in Resources */,
				DCED0F112414892D00DC84DF /* Preview Assets.xcassets in Resources */,
				DCED0F0E2414892D00DC84DF /* Assets.xcassets in Resources */,
			);
			runOnlyForDeploymentPostprocessing = 0;
		};
		DCED0F182414892D00DC84DF /* Resources */ = {
			isa = PBXResourcesBuildPhase;
			buildActionMask = 2147483647;
			files = (
			);
			runOnlyForDeploymentPostprocessing = 0;
		};
		DCED0F232414892D00DC84DF /* Resources */ = {
			isa = PBXResourcesBuildPhase;
			buildActionMask = 2147483647;
			files = (
			);
			runOnlyForDeploymentPostprocessing = 0;
		};
/* End PBXResourcesBuildPhase section */

/* Begin PBXSourcesBuildPhase section */
		DCED0F002414892200DC84DF /* Sources */ = {
			isa = PBXSourcesBuildPhase;
			buildActionMask = 2147483647;
			files = (
				DCED0F082414892200DC84DF /* AppDelegate.swift in Sources */,
				DCED0F3C241495DD00DC84DF /* ImagePicker.swift in Sources */,
				DCED0F0A2414892200DC84DF /* SceneDelegate.swift in Sources */,
				DCED0F0C2414892200DC84DF /* ContentView.swift in Sources */,
			);
			runOnlyForDeploymentPostprocessing = 0;
		};
		DCED0F162414892D00DC84DF /* Sources */ = {
			isa = PBXSourcesBuildPhase;
			buildActionMask = 2147483647;
			files = (
				DCED0F1F2414892D00DC84DF /* LibraryTests.swift in Sources */,
			);
			runOnlyForDeploymentPostprocessing = 0;
		};
		DCED0F212414892D00DC84DF /* Sources */ = {
			isa = PBXSourcesBuildPhase;
			buildActionMask = 2147483647;
			files = (
				DCED0F2A2414892D00DC84DF /* LibraryUITests.swift in Sources */,
			);
			runOnlyForDeploymentPostprocessing = 0;
		};
/* End PBXSourcesBuildPhase section */

/* Begin PBXTargetDependency section */
		DCED0F1C2414892D00DC84DF /* PBXTargetDependency */ = {
			isa = PBXTargetDependency;
			target = DCED0F032414892200DC84DF /* Library */;
			targetProxy = DCED0F1B2414892D00DC84DF /* PBXContainerItemProxy */;
		};
		DCED0F272414892D00DC84DF /* PBXTargetDependency */ = {
			isa = PBXTargetDependency;
			target = DCED0F032414892200DC84DF /* Library */;
			targetProxy = DCED0F262414892D00DC84DF /* PBXContainerItemProxy */;
		};
/* End PBXTargetDependency section */

/* Begin PBXVariantGroup section */
		DCED0F122414892D00DC84DF /* LaunchScreen.storyboard */ = {
			isa = PBXVariantGroup;
			children = (
				DCED0F132414892D00DC84DF /* Base */,
			);
			name = LaunchScreen.storyboard;
			sourceTree = "<group>";
		};
/* End PBXVariantGroup section */

/* Begin XCBuildConfiguration section */
		DCED0F2C2414892D00DC84DF /* Debug */ = {
			isa = XCBuildConfiguration;
			buildSettings = {
				ALWAYS_SEARCH_USER_PATHS = NO;
				CLANG_ANALYZER_NONNULL = YES;
				CLANG_ANALYZER_NUMBER_OBJECT_CONVERSION = YES_AGGRESSIVE;
				CLANG_CXX_LANGUAGE_STANDARD = "gnu++14";
				CLANG_CXX_LIBRARY = "libc++";
				CLANG_ENABLE_MODULES = YES;
				CLANG_ENABLE_OBJC_ARC = YES;
				CLANG_ENABLE_OBJC_WEAK = YES;
				CLANG_WARN_BLOCK_CAPTURE_AUTORELEASING = YES;
				CLANG_WARN_BOOL_CONVERSION = YES;
				CLANG_WARN_COMMA = YES;
				CLANG_WARN_CONSTANT_CONVERSION = YES;
				CLANG_WARN_DEPRECATED_OBJC_IMPLEMENTATIONS = YES;
				CLANG_WARN_DIRECT_OBJC_ISA_USAGE = YES_ERROR;
				CLANG_WARN_DOCUMENTATION_COMMENTS = YES;
				CLANG_WARN_EMPTY_BODY = YES;
				CLANG_WARN_ENUM_CONVERSION = YES;
				CLANG_WARN_INFINITE_RECURSION = YES;
				CLANG_WARN_INT_CONVERSION = YES;
				CLANG_WARN_NON_LITERAL_NULL_CONVERSION = YES;
				CLANG_WARN_OBJC_IMPLICIT_RETAIN_SELF = YES;
				CLANG_WARN_OBJC_LITERAL_CONVERSION = YES;
				CLANG_WARN_OBJC_ROOT_CLASS = YES_ERROR;
				CLANG_WARN_RANGE_LOOP_ANALYSIS = YES;
				CLANG_WARN_STRICT_PROTOTYPES = YES;
				CLANG_WARN_SUSPICIOUS_MOVE = YES;
				CLANG_WARN_UNGUARDED_AVAILABILITY = YES_AGGRESSIVE;
				CLANG_WARN_UNREACHABLE_CODE = YES;
				CLANG_WARN__DUPLICATE_METHOD_MATCH = YES;
				COPY_PHASE_STRIP = NO;
				DEBUG_INFORMATION_FORMAT = dwarf;
				ENABLE_STRICT_OBJC_MSGSEND = YES;
				ENABLE_TESTABILITY = YES;
				GCC_C_LANGUAGE_STANDARD = gnu11;
				GCC_DYNAMIC_NO_PIC = NO;
				GCC_NO_COMMON_BLOCKS = YES;
				GCC_OPTIMIZATION_LEVEL = 0;
				GCC_PREPROCESSOR_DEFINITIONS = (
					"DEBUG=1",
					"$(inherited)",
				);
				GCC_WARN_64_TO_32_BIT_CONVERSION = YES;
				GCC_WARN_ABOUT_RETURN_TYPE = YES_ERROR;
				GCC_WARN_UNDECLARED_SELECTOR = YES;
				GCC_WARN_UNINITIALIZED_AUTOS = YES_AGGRESSIVE;
				GCC_WARN_UNUSED_FUNCTION = YES;
				GCC_WARN_UNUSED_VARIABLE = YES;
				IPHONEOS_DEPLOYMENT_TARGET = 13.2;
				MTL_ENABLE_DEBUG_INFO = INCLUDE_SOURCE;
				MTL_FAST_MATH = YES;
				ONLY_ACTIVE_ARCH = YES;
				SDKROOT = iphoneos;
				SWIFT_ACTIVE_COMPILATION_CONDITIONS = DEBUG;
				SWIFT_OPTIMIZATION_LEVEL = "-Onone";
			};
			name = Debug;
		};
		DCED0F2D2414892D00DC84DF /* Release */ = {
			isa = XCBuildConfiguration;
			buildSettings = {
				ALWAYS_SEARCH_USER_PATHS = NO;
				CLANG_ANALYZER_NONNULL = YES;
				CLANG_ANALYZER_NUMBER_OBJECT_CONVERSION = YES_AGGRESSIVE;
				CLANG_CXX_LANGUAGE_STANDARD = "gnu++14";
				CLANG_CXX_LIBRARY = "libc++";
				CLANG_ENABLE_MODULES = YES;
				CLANG_ENABLE_OBJC_ARC = YES;
				CLANG_ENABLE_OBJC_WEAK = YES;
				CLANG_WARN_BLOCK_CAPTURE_AUTORELEASING = YES;
				CLANG_WARN_BOOL_CONVERSION = YES;
				CLANG_WARN_COMMA = YES;
				CLANG_WARN_CONSTANT_CONVERSION = YES;
				CLANG_WARN_DEPRECATED_OBJC_IMPLEMENTATIONS = YES;
				CLANG_WARN_DIRECT_OBJC_ISA_USAGE = YES_ERROR;
				CLANG_WARN_DOCUMENTATION_COMMENTS = YES;
				CLANG_WARN_EMPTY_BODY = YES;
				CLANG_WARN_ENUM_CONVERSION = YES;
				CLANG_WARN_INFINITE_RECURSION = YES;
				CLANG_WARN_INT_CONVERSION = YES;
				CLANG_WARN_NON_LITERAL_NULL_CONVERSION = YES;
				CLANG_WARN_OBJC_IMPLICIT_RETAIN_SELF = YES;
				CLANG_WARN_OBJC_LITERAL_CONVERSION = YES;
				CLANG_WARN_OBJC_ROOT_CLASS = YES_ERROR;
				CLANG_WARN_RANGE_LOOP_ANALYSIS = YES;
				CLANG_WARN_STRICT_PROTOTYPES = YES;
				CLANG_WARN_SUSPICIOUS_MOVE = YES;
				CLANG_WARN_UNGUARDED_AVAILABILITY = YES_AGGRESSIVE;
				CLANG_WARN_UNREACHABLE_CODE = YES;
				CLANG_WARN__DUPLICATE_METHOD_MATCH = YES;
				COPY_PHASE_STRIP = NO;
				DEBUG_INFORMATION_FORMAT = "dwarf-with-dsym";
				ENABLE_NS_ASSERTIONS = NO;
				ENABLE_STRICT_OBJC_MSGSEND = YES;
				GCC_C_LANGUAGE_STANDARD = gnu11;
				GCC_NO_COMMON_BLOCKS = YES;
				GCC_WARN_64_TO_32_BIT_CONVERSION = YES;
				GCC_WARN_ABOUT_RETURN_TYPE = YES_ERROR;
				GCC_WARN_UNDECLARED_SELECTOR = YES;
				GCC_WARN_UNINITIALIZED_AUTOS = YES_AGGRESSIVE;
				GCC_WARN_UNUSED_FUNCTION = YES;
				GCC_WARN_UNUSED_VARIABLE = YES;
				IPHONEOS_DEPLOYMENT_TARGET = 13.2;
				MTL_ENABLE_DEBUG_INFO = NO;
				MTL_FAST_MATH = YES;
				SDKROOT = iphoneos;
				SWIFT_COMPILATION_MODE = wholemodule;
				SWIFT_OPTIMIZATION_LEVEL = "-O";
				VALIDATE_PRODUCT = YES;
			};
			name = Release;
		};
		DCED0F2F2414892D00DC84DF /* Debug */ = {
			isa = XCBuildConfiguration;
			buildSettings = {
				ASSETCATALOG_COMPILER_APPICON_NAME = AppIcon;
				CODE_SIGN_STYLE = Automatic;
				DEVELOPMENT_ASSET_PATHS = "\"Library/Preview Content\"";
				ENABLE_PREVIEWS = YES;
				INFOPLIST_FILE = Library/Info.plist;
				LD_RUNPATH_SEARCH_PATHS = (
					"$(inherited)",
					"@executable_path/Frameworks",
				);
				PRODUCT_BUNDLE_IDENTIFIER = com.naoyuki.katou.Library;
				PRODUCT_NAME = "$(TARGET_NAME)";
				SWIFT_VERSION = 5.0;
				TARGETED_DEVICE_FAMILY = "1,2";
			};
			name = Debug;
		};
		DCED0F302414892D00DC84DF /* Release */ = {
			isa = XCBuildConfiguration;
			buildSettings = {
				ASSETCATALOG_COMPILER_APPICON_NAME = AppIcon;
				CODE_SIGN_STYLE = Automatic;
				DEVELOPMENT_ASSET_PATHS = "\"Library/Preview Content\"";
				ENABLE_PREVIEWS = YES;
				INFOPLIST_FILE = Library/Info.plist;
				LD_RUNPATH_SEARCH_PATHS = (
					"$(inherited)",
					"@executable_path/Frameworks",
				);
				PRODUCT_BUNDLE_IDENTIFIER = com.naoyuki.katou.Library;
				PRODUCT_NAME = "$(TARGET_NAME)";
				SWIFT_VERSION = 5.0;
				TARGETED_DEVICE_FAMILY = "1,2";
			};
			name = Release;
		};
		DCED0F322414892D00DC84DF /* Debug */ = {
			isa = XCBuildConfiguration;
			buildSettings = {
				ALWAYS_EMBED_SWIFT_STANDARD_LIBRARIES = YES;
				BUNDLE_LOADER = "$(TEST_HOST)";
				CODE_SIGN_STYLE = Automatic;
				INFOPLIST_FILE = LibraryTests/Info.plist;
				IPHONEOS_DEPLOYMENT_TARGET = 13.2;
				LD_RUNPATH_SEARCH_PATHS = (
					"$(inherited)",
					"@executable_path/Frameworks",
					"@loader_path/Frameworks",
				);
				PRODUCT_BUNDLE_IDENTIFIER = com.naoyuki.katou.LibraryTests;
				PRODUCT_NAME = "$(TARGET_NAME)";
				SWIFT_VERSION = 5.0;
				TARGETED_DEVICE_FAMILY = "1,2";
				TEST_HOST = "$(BUILT_PRODUCTS_DIR)/Library.app/Library";
			};
			name = Debug;
		};
		DCED0F332414892D00DC84DF /* Release */ = {
			isa = XCBuildConfiguration;
			buildSettings = {
				ALWAYS_EMBED_SWIFT_STANDARD_LIBRARIES = YES;
				BUNDLE_LOADER = "$(TEST_HOST)";
				CODE_SIGN_STYLE = Automatic;
				INFOPLIST_FILE = LibraryTests/Info.plist;
				IPHONEOS_DEPLOYMENT_TARGET = 13.2;
				LD_RUNPATH_SEARCH_PATHS = (
					"$(inherited)",
					"@executable_path/Frameworks",
					"@loader_path/Frameworks",
				);
				PRODUCT_BUNDLE_IDENTIFIER = com.naoyuki.katou.LibraryTests;
				PRODUCT_NAME = "$(TARGET_NAME)";
				SWIFT_VERSION = 5.0;
				TARGETED_DEVICE_FAMILY = "1,2";
				TEST_HOST = "$(BUILT_PRODUCTS_DIR)/Library.app/Library";
			};
			name = Release;
		};
		DCED0F352414892D00DC84DF /* Debug */ = {
			isa = XCBuildConfiguration;
			buildSettings = {
				ALWAYS_EMBED_SWIFT_STANDARD_LIBRARIES = YES;
				CODE_SIGN_STYLE = Automatic;
				INFOPLIST_FILE = LibraryUITests/Info.plist;
				LD_RUNPATH_SEARCH_PATHS = (
					"$(inherited)",
					"@executable_path/Frameworks",
					"@loader_path/Frameworks",
				);
				PRODUCT_BUNDLE_IDENTIFIER = com.naoyuki.katou.LibraryUITests;
				PRODUCT_NAME = "$(TARGET_NAME)";
				SWIFT_VERSION = 5.0;
				TARGETED_DEVICE_FAMILY = "1,2";
				TEST_TARGET_NAME = Library;
			};
			name = Debug;
		};
		DCED0F362414892D00DC84DF /* Release */ = {
			isa = XCBuildConfiguration;
			buildSettings = {
				ALWAYS_EMBED_SWIFT_STANDARD_LIBRARIES = YES;
				CODE_SIGN_STYLE = Automatic;
				INFOPLIST_FILE = LibraryUITests/Info.plist;
				LD_RUNPATH_SEARCH_PATHS = (
					"$(inherited)",
					"@executable_path/Frameworks",
					"@loader_path/Frameworks",
				);
				PRODUCT_BUNDLE_IDENTIFIER = com.naoyuki.katou.LibraryUITests;
				PRODUCT_NAME = "$(TARGET_NAME)";
				SWIFT_VERSION = 5.0;
				TARGETED_DEVICE_FAMILY = "1,2";
				TEST_TARGET_NAME = Library;
			};
			name = Release;
		};
/* End XCBuildConfiguration section */

/* Begin XCConfigurationList section */
		DCED0EFF2414892200DC84DF /* Build configuration list for PBXProject "Library" */ = {
			isa = XCConfigurationList;
			buildConfigurations = (
				DCED0F2C2414892D00DC84DF /* Debug */,
				DCED0F2D2414892D00DC84DF /* Release */,
			);
			defaultConfigurationIsVisible = 0;
			defaultConfigurationName = Release;
		};
		DCED0F2E2414892D00DC84DF /* Build configuration list for PBXNativeTarget "Library" */ = {
			isa = XCConfigurationList;
			buildConfigurations = (
				DCED0F2F2414892D00DC84DF /* Debug */,
				DCED0F302414892D00DC84DF /* Release */,
			);
			defaultConfigurationIsVisible = 0;
			defaultConfigurationName = Release;
		};
		DCED0F312414892D00DC84DF /* Build configuration list for PBXNativeTarget "LibraryTests" */ = {
			isa = XCConfigurationList;
			buildConfigurations = (
				DCED0F322414892D00DC84DF /* Debug */,
				DCED0F332414892D00DC84DF /* Release */,
			);
			defaultConfigurationIsVisible = 0;
			defaultConfigurationName = Release;
		};
		DCED0F342414892D00DC84DF /* Build configuration list for PBXNativeTarget "LibraryUITests" */ = {
			isa = XCConfigurationList;
			buildConfigurations = (
				DCED0F352414892D00DC84DF /* Debug */,
				DCED0F362414892D00DC84DF /* Release */,
			);
			defaultConfigurationIsVisible = 0;
			defaultConfigurationName = Release;
		};
/* End XCConfigurationList section */
	};
	rootObject = DCED0EFC2414892200DC84DF /* Project object */;
}
